
Microsoft Visual Studio Solution File, Format Version 12.00
# Visual Studio Version 17
VisualStudioVersion = 17.2.32630.192
MinimumVisualStudioVersion = 10.0.40219.1
Project("{FAE04EC0-301F-11D3-BF4B-00C04F79EFBC}") = "Password.Core", "Password.Core\Password.Core.csproj", "{FAFB18C4-D365-406A-AB30-402BDCACF285}"
EndProject
Project("{FAE04EC0-301F-11D3-BF4B-00C04F79EFBC}") = "Password.Rule", "Password.Rule\Password.Rule.csproj", "{FF33DA96-E073-4BC0-9410-41C07E185D8F}"
EndProject
Project("{FAE04EC0-301F-11D3-BF4B-00C04F79EFBC}") = "Password.Core.Tests", "Password.Core.Tests\Password.Core.Tests.csproj", "{78011C28-66A7-4FA4-B2F4-1C5F3DE28953}"
EndProject
Project("{2150E333-8FDC-42A3-9474-1A3956D46DE8}") = "Tests", "Tests", "{2AFAD3C4-A9DD-4D8A-9FD9-CC84572DE0D5}"
EndProject
Project("{FAE04EC0-301F-11D3-BF4B-00C04F79EFBC}") = "Password.Rule.Tests", "Password.Rule.Tests\Password.Rule.Tests.csproj", "{F439A86D-D6F3-4C22-A4F8-6C786408BD62}"
EndProject
Project("{FAE04EC0-301F-11D3-BF4B-00C04F79EFBC}") = "Password.RuleSet", "Password.RuleSet\Password.RuleSet.csproj", "{1385D0B5-DD8A-4E5F-97CE-1440F193EBD4}"
EndProject
Project("{FAE04EC0-301F-11D3-BF4B-00C04F79EFBC}") = "Password.RuleSet.Tests", "Password.RuleSet.Tests\Password.RuleSet.Tests.csproj", "{733A78F8-58A6-4AAD-B925-CD4606D81605}"
EndProject
Project("{9A19103F-16F7-4668-BE54-9A1E7A4F7556}") = "Password.Engine", "Password.Engine\Password.Engine.csproj", "{8F8A9B40-3140-4E45-8BA7-269B66F3D8B9}"
EndProject
Project("{FAE04EC0-301F-11D3-BF4B-00C04F79EFBC}") = "Password.Engine.Tests", "Password.Engine.Tests\Password.Engine.Tests.csproj", "{13F22140-4E0B-47D5-895A-1FBD6935BFF6}"
EndProject
Project("{FAE04EC0-301F-11D3-BF4B-00C04F79EFBC}") = "Password.App", "Password.App\Password.App.csproj", "{537510AC-B0D1-4069-A64B-F5ED6946900F}"
EndProject
Global
	GlobalSection(SolutionConfigurationPlatforms) = preSolution
		Debug|Any CPU = Debug|Any CPU
		Release|Any CPU = Release|Any CPU
	EndGlobalSection
	GlobalSection(ProjectConfigurationPlatforms) = postSolution
		{FAFB18C4-D365-406A-AB30-402BDCACF285}.Debug|Any CPU.ActiveCfg = Debug|Any CPU
		{FAFB18C4-D365-406A-AB30-402BDCACF285}.Debug|Any CPU.Build.0 = Debug|Any CPU
		{FAFB18C4-D365-406A-AB30-402BDCACF285}.Release|Any CPU.ActiveCfg = Release|Any CPU
		{FAFB18C4-D365-406A-AB30-402BDCACF285}.Release|Any CPU.Build.0 = Release|Any CPU
		{FF33DA96-E073-4BC0-9410-41C07E185D8F}.Debug|Any CPU.ActiveCfg = Debug|Any CPU
		{FF33DA96-E073-4BC0-9410-41C07E185D8F}.Debug|Any CPU.Build.0 = Debug|Any CPU
		{FF33DA96-E073-4BC0-9410-41C07E185D8F}.Release|Any CPU.ActiveCfg = Release|Any CPU
		{FF33DA96-E073-4BC0-9410-41C07E185D8F}.Release|Any CPU.Build.0 = Release|Any CPU
		{78011C28-66A7-4FA4-B2F4-1C5F3DE28953}.Debug|Any CPU.ActiveCfg = Debug|Any CPU
		{78011C28-66A7-4FA4-B2F4-1C5F3DE28953}.Debug|Any CPU.Build.0 = Debug|Any CPU
		{78011C28-66A7-4FA4-B2F4-1C5F3DE28953}.Release|Any CPU.ActiveCfg = Release|Any CPU
		{78011C28-66A7-4FA4-B2F4-1C5F3DE28953}.Release|Any CPU.Build.0 = Release|Any CPU
		{F439A86D-D6F3-4C22-A4F8-6C786408BD62}.Debug|Any CPU.ActiveCfg = Debug|Any CPU
		{F439A86D-D6F3-4C22-A4F8-6C786408BD62}.Debug|Any CPU.Build.0 = Debug|Any CPU
		{F439A86D-D6F3-4C22-A4F8-6C786408BD62}.Release|Any CPU.ActiveCfg = Release|Any CPU
		{F439A86D-D6F3-4C22-A4F8-6C786408BD62}.Release|Any CPU.Build.0 = Release|Any CPU
		{1385D0B5-DD8A-4E5F-97CE-1440F193EBD4}.Debug|Any CPU.ActiveCfg = Debug|Any CPU
		{1385D0B5-DD8A-4E5F-97CE-1440F193EBD4}.Debug|Any CPU.Build.0 = Debug|Any CPU
		{1385D0B5-DD8A-4E5F-97CE-1440F193EBD4}.Release|Any CPU.ActiveCfg = Release|Any CPU
		{1385D0B5-DD8A-4E5F-97CE-1440F193EBD4}.Release|Any CPU.Build.0 = Release|Any CPU
		{733A78F8-58A6-4AAD-B925-CD4606D81605}.Debug|Any CPU.ActiveCfg = Debug|Any CPU
		{733A78F8-58A6-4AAD-B925-CD4606D81605}.Debug|Any CPU.Build.0 = Debug|Any CPU
		{733A78F8-58A6-4AAD-B925-CD4606D81605}.Release|Any CPU.ActiveCfg = Release|Any CPU
		{733A78F8-58A6-4AAD-B925-CD4606D81605}.Release|Any CPU.Build.0 = Release|Any CPU
		{8F8A9B40-3140-4E45-8BA7-269B66F3D8B9}.Debug|Any CPU.ActiveCfg = Debug|Any CPU
		{8F8A9B40-3140-4E45-8BA7-269B66F3D8B9}.Debug|Any CPU.Build.0 = Debug|Any CPU
		{8F8A9B40-3140-4E45-8BA7-269B66F3D8B9}.Release|Any CPU.ActiveCfg = Release|Any CPU
		{8F8A9B40-3140-4E45-8BA7-269B66F3D8B9}.Release|Any CPU.Build.0 = Release|Any CPU
		{13F22140-4E0B-47D5-895A-1FBD6935BFF6}.Debug|Any CPU.ActiveCfg = Debug|Any CPU
		{13F22140-4E0B-47D5-895A-1FBD6935BFF6}.Debug|Any CPU.Build.0 = Debug|Any CPU
		{13F22140-4E0B-47D5-895A-1FBD6935BFF6}.Release|Any CPU.ActiveCfg = Release|Any CPU
		{13F22140-4E0B-47D5-895A-1FBD6935BFF6}.Release|Any CPU.Build.0 = Release|Any CPU
		{537510AC-B0D1-4069-A64B-F5ED6946900F}.Debug|Any CPU.ActiveCfg = Debug|Any CPU
		{537510AC-B0D1-4069-A64B-F5ED6946900F}.Debug|Any CPU.Build.0 = Debug|Any CPU
		{537510AC-B0D1-4069-A64B-F5ED6946900F}.Release|Any CPU.ActiveCfg = Release|Any CPU
		{537510AC-B0D1-4069-A64B-F5ED6946900F}.Release|Any CPU.Build.0 = Release|Any CPU
	EndGlobalSection
	GlobalSection(SolutionProperties) = preSolution
		HideSolutionNode = FALSE
	EndGlobalSection
	GlobalSection(NestedProjects) = preSolution
		{78011C28-66A7-4FA4-B2F4-1C5F3DE28953} = {2AFAD3C4-A9DD-4D8A-9FD9-CC84572DE0D5}
		{F439A86D-D6F3-4C22-A4F8-6C786408BD62} = {2AFAD3C4-A9DD-4D8A-9FD9-CC84572DE0D5}
		{733A78F8-58A6-4AAD-B925-CD4606D81605} = {2AFAD3C4-A9DD-4D8A-9FD9-CC84572DE0D5}
		{13F22140-4E0B-47D5-895A-1FBD6935BFF6} = {2AFAD3C4-A9DD-4D8A-9FD9-CC84572DE0D5}
	EndGlobalSection
	GlobalSection(ExtensibilityGlobals) = postSolution
		SolutionGuid = {4658EB8C-B26B-47D0-A7E4-1A6863088422}
	EndGlobalSection
EndGlobal
